# pnpm-lock.yaml

# Auto-generated by n8n

packages:
  /@codemirror/autocomplete@^6.4.0:
    resolution:
      integrity: sha512-...
      tarball: https://registry.npmjs.org/@codemirror/autocomplete/-/autocomplete-6.4.0.tgz
  /@codemirror/commands@^6.1.0:
    resolution:
      integrity: sha512-...
      tarball: https://registry.npmjs.org/@codemirror/commands/-/commands-6.1.0.tgz
  /@codemirror/lang-javascript@^6.1.2:
    resolution:
      integrity: sha512-...
      tarball: https://registry.npmjs.org/@codemirror/lang-javascript/-/lang-javascript-6.1.2.tgz
  /@codemirror/lang-json@^6.0.1:
    resolution:
      integrity: sha512-...
      tarball: https://registry.npmjs.org/@codemirror/lang-json/-/lang-json-6.0.1.tgz
  /@codemirror/lang-python@^6.1.2:
    resolution:
      integrity: sha512-...
      tarball: https://registry.npmjs.org/@codemirror/lang-python/-/lang-python-6.1.2.tgz
  /@codemirror/lang-sql@^6.4.1:
    resolution:
      integrity: sha512-...
      tarball: https://registry.npmjs.org/@codemirror/lang-sql/-/lang-sql-6.4.1.tgz
  /@codemirror/language@^6.2.1:
    resolution:
      integrity: sha512-...
      tarball: https://registry.npmjs.org/@codemirror/language/-/language-6.2.1.tgz
  /@codemirror/lint@^6.0.0:
    resolution:
      integrity: sha512-...
      tarball: https://registry.npmjs.org/@codemirror/lint/-/lint-6.0.0.tgz
  /@codemirror/state@^6.1.4:
    resolution:
      integrity: sha512-...
      tarball: https://registry.npmjs.org/@codemirror/state/-/state-6.1.4.tgz
  /@codemirror/view@^6.5.1:
    resolution:
      integrity: sha512-...
      tarball: https://registry.npmjs.org/@codemirror/view/-/view-6.5.1.tgz
  /@fontsource/open-sans@^4.5.0:
    resolution:
      integrity: sha512-...
      tarball: https://registry.npmjs.org/@fontsource/open-sans/-/open-sans-4.5.0.tgz
  /@fortawesome/fontawesome-svg-core@^1.2.35:
    resolution:
      integrity: sha512-...
      tarball: https://registry.npmjs.org/@fortawesome/fontawesome-svg-core/-/fontawesome-svg-core-1.2.35.tgz
  /@fortawesome/free-regular-svg-icons@^6.1.1:
    resolution:
      integrity: sha512-...
      tarball: https://registry.npmjs.org/@fortawesome/free-regular-svg-icons/-/free-regular-svg-icons-6.1.1.tgz
  /@fortawesome/free-solid-svg-icons@^5.15.3:
    resolution:
      integrity: sha512-...
      tarball: https://registry.npmjs.org/@fortawesome/free-solid-svg-icons/-/free-solid-svg-icons-5.15.3.tgz
  /@fortawesome/vue-fontawesome@^2.0.10:
    resolution:
      integrity: sha512-...
      tarball: https://registry.npmjs.org/@fortawesome/vue-fontawesome/-/vue-fontawesome-2.0.10.tgz
  /@jsplumb/browser-ui@^5.13.2:
    resolution:
      integrity: sha512-...
      tarball: https://registry.npmjs.org/@jsplumb/browser-ui/-/browser-ui-5.13.2.tgz
  /@jsplumb/common@^5.13.2:
    resolution:
      integrity: sha512-...
      tarball: https://registry.npmjs.org/@jsplumb/common/-/common-5.13.2.tgz
  /@jsplumb/connector-bezier@^5.13.2:
    resolution:
      integrity: sha512-...
      tarball: https://registry.npmjs.org/@jsplumb/connector-bezier/-/connector-bezier-5.13.2.tgz
  /@jsplumb/core@^5.13.2:
    resolution:
      integrity: sha512-...
      tarball: https://registry.npmjs.org/@jsplumb/core/-/core-5.13.2.tgz
  /@jsplumb/util@^5.13.2:
    resolution:
      integrity: sha512-...
      tarball: https://registry.npmjs.org/@jsplumb/util/-/util-5.13.2.tgz
  /axios@^1.6.4:
    resolution:
      integrity: sha512-...
      tarball: https://registry.npmjs.org/axios/-/axios-1.6.4.tgz
  /canvas-confetti@^1.6.0:
    resolution:
      integrity: sha512-...
      tarball: https://registry.npmjs.org/canvas-confetti/-/canvas-confetti-1.6.0.tgz
  /codemirror-lang-html-n8n@^1.0.0:
    resolution:
      integrity: sha512-...
      tarball: https://registry.npmjs.org/codemirror-lang-html-n8n/-/codemirror-lang-html-n8n-1.0.0.tgz
  /codemirror-lang-n8n-expression@^0.2.0:
    resolution:
      integrity: sha512-...
      tarball: https://registry.npmjs.org/codemirror-lang-n8n-expression/-/codemirror-lang-n8n-expression-0.2.0.tgz
  /copy-to-clipboard@^3.3.3:
    resolution:
      integrity: sha512-...
      tarball: https://registry.npmjs.org/copy-to-clipboard/-/copy-to-clipboard-3.3.3.tgz
  /dateformat@^3.0.3:
    resolution:
      integrity: sha512-...
      tarball: https://registry.npmjs.org/dateformat/-/dateformat-3.0.3.tgz
  /esprima-next@5.8.4:
    resolution:
      integrity: sha512-...
      tarball: https://registry.npmjs.org/esprima-next/-/esprima-next-5.8.4.tgz
  /fast-json-stable-stringify@^2.1.0:
    resolution:
      integrity: sha512-...
      tarball: https://registry.npmjs.org/fast-json-stable-stringify/-/fast-json-stable-stringify-2.1.0.tgz
  /file-saver@^2.0.2:
    resolution:
      integrity: sha512-...
      tarball: https://registry.npmjs.org/file-saver/-/file-saver-2.0.2.tgz
  /flatted@^3.2.4:
    resolution:
      integrity: sha512-...
      tarball: https://registry.npmjs.org/flatted/-/flatted-3.2.4.tgz
  /humanize-duration@^3.27.2:
    resolution:
      integrity: sha512-...
      tarball: https://registry.npmjs.org/humanize-duration/-/humanize-duration-3.27.2.tgz
  /jsonpath@^1.1.1:
    resolution:
      integrity: sha512-...
      tarball: https://registry.npmjs.org/jsonpath/-/jsonpath-1.1.1.tgz
  /lodash-es@^4.17.21:
    resolution:
      integrity: sha512-...
      tarball: https://registry.npmjs.org/lodash-es/-/lodash-es-4.17.21.tgz
  /luxon@^3.3.0:
    resolution:
      integrity: sha512-...
      tarball: https://registry.npmjs.org/luxon/-/luxon-3.3.0.tgz
  /n8n-design-system@workspace:*:
    resolution:
      integrity: sha512-...
      tarball: https://registry.npmjs.org/n8n-design-system/-/n8n-design-system-1.0.0.tgz
  /n8n-workflow@workspace:*:
    resolution:
      integrity: sha512-...
      tarball: https://registry.npmjs.org/n8n-workflow/-/n8n-workflow-1.0.0.tgz
  /normalize-wheel@^1.0.1:
    resolution:
      integrity: sha512-...
      tarball: https://registry.npmjs.org/normalize-wheel/-/normalize-wheel-1.0.1.tgz
  /pinia@^2.0.22:
    resolution:
      integrity: sha512-...
      tarball: https://registry.npmjs.org/pinia/-/pinia-2.0.22.tgz
  /prettier@^2.8.3:
    resolution:
      integrity: sha512-...
      tarball: https://registry.npmjs.org/prettier/-/prettier-2.8.3.tgz
  /stream-browserify@^3.0.0:
    resolution:
      integrity: sha512-...
      tarball: https://registry.npmjs.org/stream-browserify/-/stream-browserify-3.0.0.tgz
  /timeago.js@^4.0.2:
    resolution:
      integrity: sha512-...
      tarball: https://registry.npmjs.org/timeago.js/-/timeago.js-4.0.2.tgz
  /uuid@^8.3.2:
    resolution:
      integrity: sha512-...
      tarball: https://registry.npmjs.org/uuid/-/uuid-8.3.2.tgz
  /v-click-outside@^3.1.2:
    resolution:
      integrity: sha512-...
      tarball: https://registry.npmjs.org/v-click-outside/-/v-click-outside-3.1.2.tgz
  /vue@^2.7.14:
    resolution:
      integrity: sha512-...
      tarball: https://registry.npmjs.org/vue/-/vue-2.7.14.tgz
  /vue-agile@^2.0.0:
    resolution:
      integrity: sha512-...
      tarball: https://registry.npmjs.org/vue-agile/-/vue-agile-2.0.0.tgz
  /vue-fragment@1.5.1:
    resolution:
      integrity: sha512-...
      tarball: https://registry.npmjs.org/vue-fragment/-/vue-fragment-1.5.1.tgz
  /vue-i18n@^8.26.7:
    resolution:
      integrity: sha512-...
      tarball: https://registry.npmjs.org/vue-i18n/-/vue-i18n-8.26.7.tgz
  /vue-infinite-loading@^2.4.5:
    resolution:
      integrity: sha512-...
      tarball: https://registry.npmjs.org/vue-infinite-loading/-/vue-infinite-loading-2.4.5.tgz
  /vue-json-pretty@1.9.3:
    resolution:
      integrity: sha512-...
      tarball: https://registry.npmjs.org/vue-json-pretty/-/vue-json-pretty-1.9.3.tgz
  /vue-router@^3.6.5:
    resolution:
      integrity: sha512-...
      tarball: https://registry.npmjs.org/vue-router/-/vue-router-3.6.5.tgz
  /vue2-teleport@^1.0.1:
    resolution:
      integrity: sha512-...
      tarball: https://registry.npmjs.org/vue2-teleport/-/vue2-teleport-1.0.1.tgz
  /vue2-touch-events@^3.2.1:
    resolution:
      integrity: sha512-...
      tarball: https://registry.npmjs.org/vue2-touch-events/-/vue2-touch-events-3.2.1.tgz
  /xss@^1.0.14:
    resolution:
      integrity: sha512-...
      tarball: https://registry.npmjs.org/xss/-/xss-1.0.14.tgz
